
Microsoft Visual Studio Solution File, Format Version 12.00
# Visual Studio 2015
Project("{FAE04EC0-301F-11D3-BF4B-00C04F79EFBC}") = "SteamVR Test.CSharp.Plugins", "SteamVR Test.CSharp.Plugins.csproj", "{B82AC44A-70E0-8FC3-6EBF-2E134D5F7FC6}"
EndProject
Project("{FAE04EC0-301F-11D3-BF4B-00C04F79EFBC}") = "SteamVR Test.CSharp", "SteamVR Test.CSharp.csproj", "{60FCBC25-C315-70FA-1179-4158AEBDBF77}"
EndProject
Project("{FAE04EC0-301F-11D3-BF4B-00C04F79EFBC}") = "SteamVR Test.CSharp.Editor", "SteamVR Test.CSharp.Editor.csproj", "{FE789528-CC2D-5855-1B01-C4DD43F99286}"
EndProject
Global
	GlobalSection(SolutionConfigurationPlatforms) = preSolution
		Debug|Any CPU = Debug|Any CPU
		Release|Any CPU = Release|Any CPU
	EndGlobalSection
	GlobalSection(ProjectConfigurationPlatforms) = postSolution
		{B82AC44A-70E0-8FC3-6EBF-2E134D5F7FC6}.Debug|Any CPU.ActiveCfg = Debug|Any CPU
		{B82AC44A-70E0-8FC3-6EBF-2E134D5F7FC6}.Debug|Any CPU.Build.0 = Debug|Any CPU
		{B82AC44A-70E0-8FC3-6EBF-2E134D5F7FC6}.Release|Any CPU.ActiveCfg = Release|Any CPU
		{B82AC44A-70E0-8FC3-6EBF-2E134D5F7FC6}.Release|Any CPU.Build.0 = Release|Any CPU
		{60FCBC25-C315-70FA-1179-4158AEBDBF77}.Debug|Any CPU.ActiveCfg = Debug|Any CPU
		{60FCBC25-C315-70FA-1179-4158AEBDBF77}.Debug|Any CPU.Build.0 = Debug|Any CPU
		{60FCBC25-C315-70FA-1179-4158AEBDBF77}.Release|Any CPU.ActiveCfg = Release|Any CPU
		{60FCBC25-C315-70FA-1179-4158AEBDBF77}.Release|Any CPU.Build.0 = Release|Any CPU
		{FE789528-CC2D-5855-1B01-C4DD43F99286}.Debug|Any CPU.ActiveCfg = Debug|Any CPU
		{FE789528-CC2D-5855-1B01-C4DD43F99286}.Debug|Any CPU.Build.0 = Debug|Any CPU
		{FE789528-CC2D-5855-1B01-C4DD43F99286}.Release|Any CPU.ActiveCfg = Release|Any CPU
		{FE789528-CC2D-5855-1B01-C4DD43F99286}.Release|Any CPU.Build.0 = Release|Any CPU
	EndGlobalSection
	GlobalSection(SolutionProperties) = preSolution
		HideSolutionNode = FALSE
	EndGlobalSection
EndGlobal
